
Microsoft Visual Studio Solution File, Format Version 12.00
# Visual Studio Version 16
VisualStudioVersion = 16.0.30804.86
MinimumVisualStudioVersion = 10.0.40219.1
Project("{888888A0-9F3D-457C-B088-3A5042F75D52}") = "AirTickets_CSU_2021", "AirTickets_CSU_2021.pyproj", "{DAF7538D-6388-4110-B1C3-9DAF87AE5F1C}"
EndProject
Global
	GlobalSection(SolutionConfigurationPlatforms) = preSolution
		Debug|Any CPU = Debug|Any CPU
		Release|Any CPU = Release|Any CPU
	EndGlobalSection
	GlobalSection(ProjectConfigurationPlatforms) = postSolution
		{DAF7538D-6388-4110-B1C3-9DAF87AE5F1C}.Debug|Any CPU.ActiveCfg = Debug|Any CPU
		{DAF7538D-6388-4110-B1C3-9DAF87AE5F1C}.Debug|Any CPU.Build.0 = Debug|Any CPU
		{DAF7538D-6388-4110-B1C3-9DAF87AE5F1C}.Release|Any CPU.ActiveCfg = Release|Any CPU
		{DAF7538D-6388-4110-B1C3-9DAF87AE5F1C}.Release|Any CPU.Build.0 = Release|Any CPU
	EndGlobalSection
	GlobalSection(SolutionProperties) = preSolution
		HideSolutionNode = FALSE
	EndGlobalSection
	GlobalSection(ExtensibilityGlobals) = postSolution
		SolutionGuid = {7971FEBA-DB38-4724-969D-367E0CA5C6BC}
	EndGlobalSection
EndGlobal
